
Microsoft Visual Studio Solution File, Format Version 12.00
# Visual Studio 15
VisualStudioVersion = 15.0.28307.489
MinimumVisualStudioVersion = 10.0.40219.1
Project("{FAE04EC0-301F-11D3-BF4B-00C04F79EFBC}") = "InheritanceExercise", "InheritanceExercise\InheritanceExercise.csproj", "{44785C7A-41BB-4324-A207-7EA0486F206D}"
EndProject
Global
	GlobalSection(SolutionConfigurationPlatforms) = preSolution
		Debug|Any CPU = Debug|Any CPU
		Release|Any CPU = Release|Any CPU
	EndGlobalSection
	GlobalSection(ProjectConfigurationPlatforms) = postSolution
		{44785C7A-41BB-4324-A207-7EA0486F206D}.Debug|Any CPU.ActiveCfg = Debug|Any CPU
		{44785C7A-41BB-4324-A207-7EA0486F206D}.Debug|Any CPU.Build.0 = Debug|Any CPU
		{44785C7A-41BB-4324-A207-7EA0486F206D}.Release|Any CPU.ActiveCfg = Release|Any CPU
		{44785C7A-41BB-4324-A207-7EA0486F206D}.Release|Any CPU.Build.0 = Release|Any CPU
	EndGlobalSection
	GlobalSection(SolutionProperties) = preSolution
		HideSolutionNode = FALSE
	EndGlobalSection
	GlobalSection(ExtensibilityGlobals) = postSolution
		SolutionGuid = {47DC71B7-018B-4B0D-AFF0-2E8E3EB8F81D}
	EndGlobalSection
EndGlobal
